
Microsoft Visual Studio Solution File, Format Version 12.00
# Visual Studio Version 17
VisualStudioVersion = 17.11.35327.3
MinimumVisualStudioVersion = 10.0.40219.1
Project("{8BC9CEB8-8B4A-11D0-8D11-00A0C91BC942}") = "Lemina_1sem_3lab", "Lemina_1sem_3lab.vcxproj", "{EA847C76-B340-4516-96BA-F5DAE4063FA1}"
EndProject
Global
	GlobalSection(SolutionConfigurationPlatforms) = preSolution
		Debug|x64 = Debug|x64
		Debug|x86 = Debug|x86
		Release|x64 = Release|x64
		Release|x86 = Release|x86
	EndGlobalSection
	GlobalSection(ProjectConfigurationPlatforms) = postSolution
		{EA847C76-B340-4516-96BA-F5DAE4063FA1}.Debug|x64.ActiveCfg = Debug|x64
		{EA847C76-B340-4516-96BA-F5DAE4063FA1}.Debug|x64.Build.0 = Debug|x64
		{EA847C76-B340-4516-96BA-F5DAE4063FA1}.Debug|x86.ActiveCfg = Debug|Win32
		{EA847C76-B340-4516-96BA-F5DAE4063FA1}.Debug|x86.Build.0 = Debug|Win32
		{EA847C76-B340-4516-96BA-F5DAE4063FA1}.Release|x64.ActiveCfg = Release|x64
		{EA847C76-B340-4516-96BA-F5DAE4063FA1}.Release|x64.Build.0 = Release|x64
		{EA847C76-B340-4516-96BA-F5DAE4063FA1}.Release|x86.ActiveCfg = Release|Win32
		{EA847C76-B340-4516-96BA-F5DAE4063FA1}.Release|x86.Build.0 = Release|Win32
	EndGlobalSection
	GlobalSection(SolutionProperties) = preSolution
		HideSolutionNode = FALSE
	EndGlobalSection
	GlobalSection(ExtensibilityGlobals) = postSolution
		SolutionGuid = {817E9614-57E0-46DD-BF41-BBEF1C0B37D2}
	EndGlobalSection
EndGlobal
